{
    "_readme": [
        "This file locks the dependencies of your project to a known state",
        "Read more about it at https://getcomposer.org/doc/01-basic-usage.md#installing-dependencies",
        "This file is @generated automatically"
    ],
    "content-hash": "1b3651d100b7ce27b9eacdc4441f0b89",
    "packages": [
        {
            "name": "lizhichao/word",
            "version": "1.4",
            "source": {
                "type": "git",
                "url": "https://github.com/lizhichao/VicWord.git",
                "reference": "d606cae05af741401e11a3fbb55342ff6b5ce922"
            },
            "dist": {
                "type": "zip",
                "url": "https://api.github.com/repos/lizhichao/VicWord/zipball/d606cae05af741401e11a3fbb55342ff6b5ce922",
                "reference": "d606cae05af741401e11a3fbb55342ff6b5ce922",
                "shasum": "",
                "mirrors": [
                    {
                        "url": "https://mirrors.aliyun.com/composer/dists/%package%/%reference%.%type%",
                        "preferred": true
                    }
                ]
            },
            "require": {
                "php": ">=5.6.0"
            },
            "type": "library",
            "autoload": {
                "psr-4": {
                    "Lizhichao\\Word\\": "Lib"
                }
            },
            "notification-url": "https://packagist.org/downloads/",
            "license": [
                "Apache-2.0"
            ],
            "authors": [
                {
                    "name": "tanszhe",
                    "email": "1018595261@qq.com"
                }
            ],
            "description": "This is a participle library",
            "time": "2020-01-15T06:15:28+00:00"
        }
    ],
    "packages-dev": [],
    "aliases": [],
    "minimum-stability": "stable",
    "stability-flags": [],
    "prefer-stable": false,
    "prefer-lowest": false,
    "platform": [],
    "platform-dev": []
}
